// !$*UTF8*$!
{
	archiveVersion = 1;
	classes = {
	};
	objectVersion = 46;
	objects = {

/* Begin PBXBuildFile section */
		6BD2EF2F1E8F3FF000E87642 /* AppDelegate.swift in Sources */ = {isa = PBXBuildFile; fileRef = 6BD2EF2E1E8F3FF000E87642 /* AppDelegate.swift */; };
		6BD2EF311E8F3FF000E87642 /* ViewController.swift in Sources */ = {isa = PBXBuildFile; fileRef = 6BD2EF301E8F3FF000E87642 /* ViewController.swift */; };
		6BD2EF341E8F3FF000E87642 /* Main.storyboard in Resources */ = {isa = PBXBuildFile; fileRef = 6BD2EF321E8F3FF000E87642 /* Main.storyboard */; };
		6BD2EF361E8F3FF000E87642 /* Assets.xcassets in Resources */ = {isa = PBXBuildFile; fileRef = 6BD2EF351E8F3FF000E87642 /* Assets.xcassets */; };
		6BD2EF391E8F3FF000E87642 /* LaunchScreen.storyboard in Resources */ = {isa = PBXBuildFile; fileRef = 6BD2EF371E8F3FF000E87642 /* LaunchScreen.storyboard */; };
		6BD2EF5C1E8F798600E87642 /* SecurityBox.framework in Frameworks */ = {isa = PBXBuildFile; fileRef = 6BD2EF591E8F797C00E87642 /* SecurityBox.framework */; };
		6BD2EF5D1E8F798600E87642 /* SecurityBox.framework in Embed Frameworks */ = {isa = PBXBuildFile; fileRef = 6BD2EF591E8F797C00E87642 /* SecurityBox.framework */; settings = {ATTRIBUTES = (CodeSignOnCopy, RemoveHeadersOnCopy, ); }; };
/* End PBXBuildFile section */

/* Begin PBXContainerItemProxy section */
		6BD2EF581E8F797C00E87642 /* PBXContainerItemProxy */ = {
			isa = PBXContainerItemProxy;
			containerPortal = 6BD2EF531E8F797C00E87642 /* SecurityBox.xcodeproj */;
			proxyType = 2;
			remoteGlobalIDString = 6B2E36711E8E539500A37BFA;
			remoteInfo = SecurityBox;
		};
		6BD2EF5A1E8F797C00E87642 /* PBXContainerItemProxy */ = {
			isa = PBXContainerItemProxy;
			containerPortal = 6BD2EF531E8F797C00E87642 /* SecurityBox.xcodeproj */;
			proxyType = 2;
			remoteGlobalIDString = 6B2E367A1E8E539500A37BFA;
			remoteInfo = SecurityBoxTests;
		};
		6BD2EF5E1E8F798600E87642 /* PBXContainerItemProxy */ = {
			isa = PBXContainerItemProxy;
			containerPortal = 6BD2EF531E8F797C00E87642 /* SecurityBox.xcodeproj */;
			proxyType = 1;
			remoteGlobalIDString = 6B2E36701E8E539500A37BFA;
			remoteInfo = SecurityBox;
		};
/* End PBXContainerItemProxy section */

/* Begin PBXCopyFilesBuildPhase section */
		6BD2EF501E8F407D00E87642 /* Embed Frameworks */ = {
			isa = PBXCopyFilesBuildPhase;
			buildActionMask = 2147483647;
			dstPath = "";
			dstSubfolderSpec = 10;
			files = (
				6BD2EF5D1E8F798600E87642 /* SecurityBox.framework in Embed Frameworks */,
			);
			name = "Embed Frameworks";
			runOnlyForDeploymentPostprocessing = 0;
		};
/* End PBXCopyFilesBuildPhase section */

/* Begin PBXFileReference section */
		6BD2EF2B1E8F3FF000E87642 /* Example.app */ = {isa = PBXFileReference; explicitFileType = wrapper.application; includeInIndex = 0; path = Example.app; sourceTree = BUILT_PRODUCTS_DIR; };
		6BD2EF2E1E8F3FF000E87642 /* AppDelegate.swift */ = {isa = PBXFileReference; lastKnownFileType = sourcecode.swift; path = AppDelegate.swift; sourceTree = "<group>"; };
		6BD2EF301E8F3FF000E87642 /* ViewController.swift */ = {isa = PBXFileReference; lastKnownFileType = sourcecode.swift; path = ViewController.swift; sourceTree = "<group>"; };
		6BD2EF331E8F3FF000E87642 /* Base */ = {isa = PBXFileReference; lastKnownFileType = file.storyboard; name = Base; path = Base.lproj/Main.storyboard; sourceTree = "<group>"; };
		6BD2EF351E8F3FF000E87642 /* Assets.xcassets */ = {isa = PBXFileReference; lastKnownFileType = folder.assetcatalog; path = Assets.xcassets; sourceTree = "<group>"; };
		6BD2EF381E8F3FF000E87642 /* Base */ = {isa = PBXFileReference; lastKnownFileType = file.storyboard; name = Base; path = Base.lproj/LaunchScreen.storyboard; sourceTree = "<group>"; };
		6BD2EF3A1E8F3FF000E87642 /* Info.plist */ = {isa = PBXFileReference; lastKnownFileType = text.plist.xml; path = Info.plist; sourceTree = "<group>"; };
		6BD2EF511E8F599F00E87642 /* Example.entitlements */ = {isa = PBXFileReference; lastKnownFileType = text.plist.entitlements; path = Example.entitlements; sourceTree = "<group>"; };
		6BD2EF531E8F797C00E87642 /* SecurityBox.xcodeproj */ = {isa = PBXFileReference; lastKnownFileType = "wrapper.pb-project"; name = SecurityBox.xcodeproj; path = ../SecurityBox/SecurityBox.xcodeproj; sourceTree = "<group>"; };
/* End PBXFileReference section */

/* Begin PBXFrameworksBuildPhase section */
		6BD2EF281E8F3FF000E87642 /* Frameworks */ = {
			isa = PBXFrameworksBuildPhase;
			buildActionMask = 2147483647;
			files = (
				6BD2EF5C1E8F798600E87642 /* SecurityBox.framework in Frameworks */,
			);
			runOnlyForDeploymentPostprocessing = 0;
		};
/* End PBXFrameworksBuildPhase section */

/* Begin PBXGroup section */
		6BD2EF221E8F3FF000E87642 = {
			isa = PBXGroup;
			children = (
				6BD2EF2D1E8F3FF000E87642 /* Example */,
				6BD2EF2C1E8F3FF000E87642 /* Products */,
				6BD2EF531E8F797C00E87642 /* SecurityBox.xcodeproj */,
			);
			sourceTree = "<group>";
		};
		6BD2EF2C1E8F3FF000E87642 /* Products */ = {
			isa = PBXGroup;
			children = (
				6BD2EF2B1E8F3FF000E87642 /* Example.app */,
			);
			name = Products;
			sourceTree = "<group>";
		};
		6BD2EF2D1E8F3FF000E87642 /* Example */ = {
			isa = PBXGroup;
			children = (
				6BD2EF2E1E8F3FF000E87642 /* AppDelegate.swift */,
				6BD2EF301E8F3FF000E87642 /* ViewController.swift */,
				6BD2EF321E8F3FF000E87642 /* Main.storyboard */,
				6BD2EF351E8F3FF000E87642 /* Assets.xcassets */,
				6BD2EF371E8F3FF000E87642 /* LaunchScreen.storyboard */,
				6BD2EF3A1E8F3FF000E87642 /* Info.plist */,
				6BD2EF511E8F599F00E87642 /* Example.entitlements */,
			);
			path = Example;
			sourceTree = "<group>";
		};
		6BD2EF541E8F797C00E87642 /* Products */ = {
			isa = PBXGroup;
			children = (
				6BD2EF591E8F797C00E87642 /* SecurityBox.framework */,
				6BD2EF5B1E8F797C00E87642 /* SecurityBoxTests.xctest */,
			);
			name = Products;
			sourceTree = "<group>";
		};
/* End PBXGroup section */

/* Begin PBXNativeTarget section */
		6BD2EF2A1E8F3FF000E87642 /* Example */ = {
			isa = PBXNativeTarget;
			buildConfigurationList = 6BD2EF3D1E8F3FF000E87642 /* Build configuration list for PBXNativeTarget "Example" */;
			buildPhases = (
				6BD2EF271E8F3FF000E87642 /* Sources */,
				6BD2EF281E8F3FF000E87642 /* Frameworks */,
				6BD2EF291E8F3FF000E87642 /* Resources */,
				6BD2EF501E8F407D00E87642 /* Embed Frameworks */,
			);
			buildRules = (
			);
			dependencies = (
				6BD2EF5F1E8F798600E87642 /* PBXTargetDependency */,
			);
			name = Example;
			productName = Example;
			productReference = 6BD2EF2B1E8F3FF000E87642 /* Example.app */;
			productType = "com.apple.product-type.application";
		};
/* End PBXNativeTarget section */

/* Begin PBXProject section */
		6BD2EF231E8F3FF000E87642 /* Project object */ = {
			isa = PBXProject;
			attributes = {
				LastSwiftUpdateCheck = 0830;
				LastUpgradeCheck = 0830;
				ORGANIZATIONNAME = "JT Ma";
				TargetAttributes = {
					6BD2EF2A1E8F3FF000E87642 = {
						CreatedOnToolsVersion = 8.3;
						DevelopmentTeam = C94329WK33;
						ProvisioningStyle = Automatic;
						SystemCapabilities = {
							com.apple.Keychain = {
								enabled = 1;
							};
						};
					};
				};
			};
			buildConfigurationList = 6BD2EF261E8F3FF000E87642 /* Build configuration list for PBXProject "Example" */;
			compatibilityVersion = "Xcode 3.2";
			developmentRegion = English;
			hasScannedForEncodings = 0;
			knownRegions = (
				en,
				Base,
			);
			mainGroup = 6BD2EF221E8F3FF000E87642;
			productRefGroup = 6BD2EF2C1E8F3FF000E87642 /* Products */;
			projectDirPath = "";
			projectReferences = (
				{
					ProductGroup = 6BD2EF541E8F797C00E87642 /* Products */;
					ProjectRef = 6BD2EF531E8F797C00E87642 /* SecurityBox.xcodeproj */;
				},
			);
			projectRoot = "";
			targets = (
				6BD2EF2A1E8F3FF000E87642 /* Example */,
			);
		};
/* End PBXProject section */

/* Begin PBXReferenceProxy section */
		6BD2EF591E8F797C00E87642 /* SecurityBox.framework */ = {
			isa = PBXReferenceProxy;
			fileType = wrapper.framework;
			path = SecurityBox.framework;
			remoteRef = 6BD2EF581E8F797C00E87642 /* PBXContainerItemProxy */;
			sourceTree = BUILT_PRODUCTS_DIR;
		};
		6BD2EF5B1E8F797C00E87642 /* SecurityBoxTests.xctest */ = {
			isa = PBXReferenceProxy;
			fileType = wrapper.cfbundle;
			path = SecurityBoxTests.xctest;
			remoteRef = 6BD2EF5A1E8F797C00E87642 /* PBXContainerItemProxy */;
			sourceTree = BUILT_PRODUCTS_DIR;
		};
/* End PBXReferenceProxy section */

/* Begin PBXResourcesBuildPhase section */
		6BD2EF291E8F3FF000E87642 /* Resources */ = {
			isa = PBXResourcesBuildPhase;
			buildActionMask = 2147483647;
			files = (
				6BD2EF391E8F3FF000E87642 /* LaunchScreen.storyboard in Resources */,
				6BD2EF361E8F3FF000E87642 /* Assets.xcassets in Resources */,
				6BD2EF341E8F3FF000E87642 /* Main.storyboard in Resources */,
			);
			runOnlyForDeploymentPostprocessing = 0;
		};
/* End PBXResourcesBuildPhase section */

/* Begin PBXSourcesBuildPhase section */
		6BD2EF271E8F3FF000E87642 /* Sources */ = {
			isa = PBXSourcesBuildPhase;
			buildActionMask = 2147483647;
			files = (
				6BD2EF311E8F3FF000E87642 /* ViewController.swift in Sources */,
				6BD2EF2F1E8F3FF000E87642 /* AppDelegate.swift in Sources */,
			);
			runOnlyForDeploymentPostprocessing = 0;
		};
/* End PBXSourcesBuildPhase section */

/* Begin PBXTargetDependency section */
		6BD2EF5F1E8F798600E87642 /* PBXTargetDependency */ = {
			isa = PBXTargetDependency;
			name = SecurityBox;
			targetProxy = 6BD2EF5E1E8F798600E87642 /* PBXContainerItemProxy */;
		};
/* End PBXTargetDependency section */

/* Begin PBXVariantGroup section */
		6BD2EF321E8F3FF000E87642 /* Main.storyboard */ = {
			isa = PBXVariantGroup;
			children = (
				6BD2EF331E8F3FF000E87642 /* Base */,
			);
			name = Main.storyboard;
			sourceTree = "<group>";
		};
		6BD2EF371E8F3FF000E87642 /* LaunchScreen.storyboard */ = {
			isa = PBXVariantGroup;
			children = (
				6BD2EF381E8F3FF000E87642 /* Base */,
			);
			name = LaunchScreen.storyboard;
			sourceTree = "<group>";
		};
/* End PBXVariantGroup section */

/* Begin XCBuildConfiguration section */
		6BD2EF3B1E8F3FF000E87642 /* Debug */ = {
			isa = XCBuildConfiguration;
			buildSettings = {
				ALWAYS_SEARCH_USER_PATHS = NO;
				CLANG_ANALYZER_NONNULL = YES;
				CLANG_ANALYZER_NUMBER_OBJECT_CONVERSION = YES_AGGRESSIVE;
				CLANG_CXX_LANGUAGE_STANDARD = "gnu++0x";
				CLANG_CXX_LIBRARY = "libc++";
				CLANG_ENABLE_MODULES = YES;
				CLANG_ENABLE_OBJC_ARC = YES;
				CLANG_WARN_BOOL_CONVERSION = YES;
				CLANG_WARN_CONSTANT_CONVERSION = YES;
				CLANG_WARN_DIRECT_OBJC_ISA_USAGE = YES_ERROR;
				CLANG_WARN_DOCUMENTATION_COMMENTS = YES;
				CLANG_WARN_EMPTY_BODY = YES;
				CLANG_WARN_ENUM_CONVERSION = YES;
				CLANG_WARN_INFINITE_RECURSION = YES;
				CLANG_WARN_INT_CONVERSION = YES;
				CLANG_WARN_OBJC_ROOT_CLASS = YES_ERROR;
				CLANG_WARN_SUSPICIOUS_MOVE = YES;
				CLANG_WARN_UNREACHABLE_CODE = YES;
				CLANG_WARN__DUPLICATE_METHOD_MATCH = YES;
				"CODE_SIGN_IDENTITY[sdk=iphoneos*]" = "iPhone Developer";
				COPY_PHASE_STRIP = NO;
				DEBUG_INFORMATION_FORMAT = dwarf;
				ENABLE_STRICT_OBJC_MSGSEND = YES;
				ENABLE_TESTABILITY = YES;
				GCC_C_LANGUAGE_STANDARD = gnu99;
				GCC_DYNAMIC_NO_PIC = NO;
				GCC_NO_COMMON_BLOCKS = YES;
				GCC_OPTIMIZATION_LEVEL = 0;
				GCC_PREPROCESSOR_DEFINITIONS = (
					"DEBUG=1",
					"$(inherited)",
				);
				GCC_WARN_64_TO_32_BIT_CONVERSION = YES;
				GCC_WARN_ABOUT_RETURN_TYPE = YES_ERROR;
				GCC_WARN_UNDECLARED_SELECTOR = YES;
				GCC_WARN_UNINITIALIZED_AUTOS = YES_AGGRESSIVE;
				GCC_WARN_UNUSED_FUNCTION = YES;
				GCC_WARN_UNUSED_VARIABLE = YES;
				IPHONEOS_DEPLOYMENT_TARGET = 10.0;
				MTL_ENABLE_DEBUG_INFO = YES;
				ONLY_ACTIVE_ARCH = YES;
				SDKROOT = iphoneos;
				SWIFT_ACTIVE_COMPILATION_CONDITIONS = DEBUG;
				SWIFT_OPTIMIZATION_LEVEL = "-Onone";
				TARGETED_DEVICE_FAMILY = "1,2";
			};
			name = Debug;
		};
		6BD2EF3C1E8F3FF000E87642 /* Release */ = {
			isa = XCBuildConfiguration;
			buildSettings = {
				ALWAYS_SEARCH_USER_PATHS = NO;
				CLANG_ANALYZER_NONNULL = YES;
				CLANG_ANALYZER_NUMBER_OBJECT_CONVERSION = YES_AGGRESSIVE;
				CLANG_CXX_LANGUAGE_STANDARD = "gnu++0x";
				CLANG_CXX_LIBRARY = "libc++";
				CLANG_ENABLE_MODULES = YES;
				CLANG_ENABLE_OBJC_ARC = YES;
				CLANG_WARN_BOOL_CONVERSION = YES;
				CLANG_WARN_CONSTANT_CONVERSION = YES;
				CLANG_WARN_DIRECT_OBJC_ISA_USAGE = YES_ERROR;
				CLANG_WARN_DOCUMENTATION_COMMENTS = YES;
				CLANG_WARN_EMPTY_BODY = YES;
				CLANG_WARN_ENUM_CONVERSION = YES;
				CLANG_WARN_INFINITE_RECURSION = YES;
				CLANG_WARN_INT_CONVERSION = YES;
				CLANG_WARN_OBJC_ROOT_CLASS = YES_ERROR;
				CLANG_WARN_SUSPICIOUS_MOVE = YES;
				CLANG_WARN_UNREACHABLE_CODE = YES;
				CLANG_WARN__DUPLICATE_METHOD_MATCH = YES;
				"CODE_SIGN_IDENTITY[sdk=iphoneos*]" = "iPhone Developer";
				COPY_PHASE_STRIP = NO;
				DEBUG_INFORMATION_FORMAT = "dwarf-with-dsym";
				ENABLE_NS_ASSERTIONS = NO;
				ENABLE_STRICT_OBJC_MSGSEND = YES;
				GCC_C_LANGUAGE_STANDARD = gnu99;
				GCC_NO_COMMON_BLOCKS = YES;
				GCC_WARN_64_TO_32_BIT_CONVERSION = YES;
				GCC_WARN_ABOUT_RETURN_TYPE = YES_ERROR;
				GCC_WARN_UNDECLARED_SELECTOR = YES;
				GCC_WARN_UNINITIALIZED_AUTOS = YES_AGGRESSIVE;
				GCC_WARN_UNUSED_FUNCTION = YES;
				GCC_WARN_UNUSED_VARIABLE = YES;
				IPHONEOS_DEPLOYMENT_TARGET = 10.0;
				MTL_ENABLE_DEBUG_INFO = NO;
				SDKROOT = iphoneos;
				SWIFT_OPTIMIZATION_LEVEL = "-Owholemodule";
				TARGETED_DEVICE_FAMILY = "1,2";
				VALIDATE_PRODUCT = YES;
			};
			name = Release;
		};
		6BD2EF3E1E8F3FF000E87642 /* Debug */ = {
			isa = XCBuildConfiguration;
			buildSettings = {
				ALWAYS_EMBED_SWIFT_STANDARD_LIBRARIES = YES;
				ASSETCATALOG_COMPILER_APPICON_NAME = AppIcon;
				CODE_SIGN_ENTITLEMENTS = Example/Example.entitlements;
				DEVELOPMENT_TEAM = C94329WK33;
				INFOPLIST_FILE = Example/Info.plist;
				LD_RUNPATH_SEARCH_PATHS = "$(inherited) @executable_path/Frameworks";
				PRODUCT_BUNDLE_IDENTIFIER = com.hiscene.Example;
				PRODUCT_NAME = "$(TARGET_NAME)";
				SWIFT_VERSION = 3.0;
			};
			name = Debug;
		};
		6BD2EF3F1E8F3FF000E87642 /* Release */ = {
			isa = XCBuildConfiguration;
			buildSettings = {
				ALWAYS_EMBED_SWIFT_STANDARD_LIBRARIES = YES;
				ASSETCATALOG_COMPILER_APPICON_NAME = AppIcon;
				CODE_SIGN_ENTITLEMENTS = Example/Example.entitlements;
				DEVELOPMENT_TEAM = C94329WK33;
				INFOPLIST_FILE = Example/Info.plist;
				LD_RUNPATH_SEARCH_PATHS = "$(inherited) @executable_path/Frameworks";
				PRODUCT_BUNDLE_IDENTIFIER = com.hiscene.Example;
				PRODUCT_NAME = "$(TARGET_NAME)";
				SWIFT_VERSION = 3.0;
			};
			name = Release;
		};
/* End XCBuildConfiguration section */

/* Begin XCConfigurationList section */
		6BD2EF261E8F3FF000E87642 /* Build configuration list for PBXProject "Example" */ = {
			isa = XCConfigurationList;
			buildConfigurations = (
				6BD2EF3B1E8F3FF000E87642 /* Debug */,
				6BD2EF3C1E8F3FF000E87642 /* Release */,
			);
			defaultConfigurationIsVisible = 0;
			defaultConfigurationName = Release;
		};
		6BD2EF3D1E8F3FF000E87642 /* Build configuration list for PBXNativeTarget "Example" */ = {
			isa = XCConfigurationList;
			buildConfigurations = (
				6BD2EF3E1E8F3FF000E87642 /* Debug */,
				6BD2EF3F1E8F3FF000E87642 /* Release */,
			);
			defaultConfigurationIsVisible = 0;
			defaultConfigurationName = Release;
		};
/* End XCConfigurationList section */
	};
	rootObject = 6BD2EF231E8F3FF000E87642 /* Project object */;
}
